
Microsoft Visual Studio Solution File, Format Version 12.00
# Visual Studio Version 17
VisualStudioVersion = 17.11.35303.130
MinimumVisualStudioVersion = 10.0.40219.1
Project("{9A19103F-16F7-4668-BE54-9A1E7A4F7556}") = "DalTest", "DalTest\DalTest.csproj", "{3FB631D7-E8E0-4632-B041-F4706A8E04D9}"
EndProject
Project("{9A19103F-16F7-4668-BE54-9A1E7A4F7556}") = "DalFacade", "DalFacade\DalFacade.csproj", "{86EE9934-42BE-42A3-B8CE-01D6C3235A4B}"
EndProject
Project("{9A19103F-16F7-4668-BE54-9A1E7A4F7556}") = "DalList", "DalList\DalList.csproj", "{687D04C0-4E09-4422-926E-3FDD787AE3A6}"
EndProject
Project("{FAE04EC0-301F-11D3-BF4B-00C04F79EFBC}") = "Tools", "Tools\Tools.csproj", "{EECC3443-EFD0-4AC7-8A85-F6311252D7B8}"
EndProject
Global
	GlobalSection(SolutionConfigurationPlatforms) = preSolution
		Debug|Any CPU = Debug|Any CPU
		Release|Any CPU = Release|Any CPU
	EndGlobalSection
	GlobalSection(ProjectConfigurationPlatforms) = postSolution
		{3FB631D7-E8E0-4632-B041-F4706A8E04D9}.Debug|Any CPU.ActiveCfg = Debug|Any CPU
		{3FB631D7-E8E0-4632-B041-F4706A8E04D9}.Debug|Any CPU.Build.0 = Debug|Any CPU
		{3FB631D7-E8E0-4632-B041-F4706A8E04D9}.Release|Any CPU.ActiveCfg = Release|Any CPU
		{3FB631D7-E8E0-4632-B041-F4706A8E04D9}.Release|Any CPU.Build.0 = Release|Any CPU
		{86EE9934-42BE-42A3-B8CE-01D6C3235A4B}.Debug|Any CPU.ActiveCfg = Debug|Any CPU
		{86EE9934-42BE-42A3-B8CE-01D6C3235A4B}.Debug|Any CPU.Build.0 = Debug|Any CPU
		{86EE9934-42BE-42A3-B8CE-01D6C3235A4B}.Release|Any CPU.ActiveCfg = Release|Any CPU
		{86EE9934-42BE-42A3-B8CE-01D6C3235A4B}.Release|Any CPU.Build.0 = Release|Any CPU
		{687D04C0-4E09-4422-926E-3FDD787AE3A6}.Debug|Any CPU.ActiveCfg = Debug|Any CPU
		{687D04C0-4E09-4422-926E-3FDD787AE3A6}.Debug|Any CPU.Build.0 = Debug|Any CPU
		{687D04C0-4E09-4422-926E-3FDD787AE3A6}.Release|Any CPU.ActiveCfg = Release|Any CPU
		{687D04C0-4E09-4422-926E-3FDD787AE3A6}.Release|Any CPU.Build.0 = Release|Any CPU
		{EECC3443-EFD0-4AC7-8A85-F6311252D7B8}.Debug|Any CPU.ActiveCfg = Debug|Any CPU
		{EECC3443-EFD0-4AC7-8A85-F6311252D7B8}.Debug|Any CPU.Build.0 = Debug|Any CPU
		{EECC3443-EFD0-4AC7-8A85-F6311252D7B8}.Release|Any CPU.ActiveCfg = Release|Any CPU
		{EECC3443-EFD0-4AC7-8A85-F6311252D7B8}.Release|Any CPU.Build.0 = Release|Any CPU
	EndGlobalSection
	GlobalSection(SolutionProperties) = preSolution
		HideSolutionNode = FALSE
	EndGlobalSection
	GlobalSection(ExtensibilityGlobals) = postSolution
		SolutionGuid = {27ED32A5-2B3E-4BED-BF71-9CBAA206D4E2}
	EndGlobalSection
EndGlobal
